// !$*UTF8*$!
{
	archiveVersion = 1;
	classes = {
	};
	objectVersion = 46;
	objects = {

/* Begin PBXBuildFile section */
		0B135E4E1BAB4328003EE786 /* AppDelegate.swift in Sources */ = {isa = PBXBuildFile; fileRef = 0B135E4D1BAB4328003EE786 /* AppDelegate.swift */; };
		0B135E501BAB4328003EE786 /* ViewController.swift in Sources */ = {isa = PBXBuildFile; fileRef = 0B135E4F1BAB4328003EE786 /* ViewController.swift */; };
		0B135E531BAB4328003EE786 /* Main.storyboard in Resources */ = {isa = PBXBuildFile; fileRef = 0B135E511BAB4328003EE786 /* Main.storyboard */; };
		0B135E551BAB4328003EE786 /* Assets.xcassets in Resources */ = {isa = PBXBuildFile; fileRef = 0B135E541BAB4328003EE786 /* Assets.xcassets */; };
		0B135E581BAB4328003EE786 /* LaunchScreen.storyboard in Resources */ = {isa = PBXBuildFile; fileRef = 0B135E561BAB4328003EE786 /* LaunchScreen.storyboard */; };
		0B135E631BAB4329003EE786 /* Pitch_PerfectTests.swift in Sources */ = {isa = PBXBuildFile; fileRef = 0B135E621BAB4329003EE786 /* Pitch_PerfectTests.swift */; };
		0B135E6E1BAB4329003EE786 /* Pitch_PerfectUITests.swift in Sources */ = {isa = PBXBuildFile; fileRef = 0B135E6D1BAB4329003EE786 /* Pitch_PerfectUITests.swift */; };
/* End PBXBuildFile section */

/* Begin PBXContainerItemProxy section */
		0B135E5F1BAB4329003EE786 /* PBXContainerItemProxy */ = {
			isa = PBXContainerItemProxy;
			containerPortal = 0B135E421BAB4328003EE786 /* Project object */;
			proxyType = 1;
			remoteGlobalIDString = 0B135E491BAB4328003EE786;
			remoteInfo = "Pitch-Perfect";
		};
		0B135E6A1BAB4329003EE786 /* PBXContainerItemProxy */ = {
			isa = PBXContainerItemProxy;
			containerPortal = 0B135E421BAB4328003EE786 /* Project object */;
			proxyType = 1;
			remoteGlobalIDString = 0B135E491BAB4328003EE786;
			remoteInfo = "Pitch-Perfect";
		};
/* End PBXContainerItemProxy section */

/* Begin PBXFileReference section */
		0B135E4A1BAB4328003EE786 /* Pitch-Perfect.app */ = {isa = PBXFileReference; explicitFileType = wrapper.application; includeInIndex = 0; path = "Pitch-Perfect.app"; sourceTree = BUILT_PRODUCTS_DIR; };
		0B135E4D1BAB4328003EE786 /* AppDelegate.swift */ = {isa = PBXFileReference; lastKnownFileType = sourcecode.swift; path = AppDelegate.swift; sourceTree = "<group>"; };
		0B135E4F1BAB4328003EE786 /* ViewController.swift */ = {isa = PBXFileReference; lastKnownFileType = sourcecode.swift; path = ViewController.swift; sourceTree = "<group>"; };
		0B135E521BAB4328003EE786 /* Base */ = {isa = PBXFileReference; lastKnownFileType = file.storyboard; name = Base; path = Base.lproj/Main.storyboard; sourceTree = "<group>"; };
		0B135E541BAB4328003EE786 /* Assets.xcassets */ = {isa = PBXFileReference; lastKnownFileType = folder.assetcatalog; path = Assets.xcassets; sourceTree = "<group>"; };
		0B135E571BAB4328003EE786 /* Base */ = {isa = PBXFileReference; lastKnownFileType = file.storyboard; name = Base; path = Base.lproj/LaunchScreen.storyboard; sourceTree = "<group>"; };
		0B135E591BAB4328003EE786 /* Info.plist */ = {isa = PBXFileReference; lastKnownFileType = text.plist.xml; path = Info.plist; sourceTree = "<group>"; };
		0B135E5E1BAB4329003EE786 /* Pitch-PerfectTests.xctest */ = {isa = PBXFileReference; explicitFileType = wrapper.cfbundle; includeInIndex = 0; path = "Pitch-PerfectTests.xctest"; sourceTree = BUILT_PRODUCTS_DIR; };
		0B135E621BAB4329003EE786 /* Pitch_PerfectTests.swift */ = {isa = PBXFileReference; lastKnownFileType = sourcecode.swift; path = Pitch_PerfectTests.swift; sourceTree = "<group>"; };
		0B135E641BAB4329003EE786 /* Info.plist */ = {isa = PBXFileReference; lastKnownFileType = text.plist.xml; path = Info.plist; sourceTree = "<group>"; };
		0B135E691BAB4329003EE786 /* Pitch-PerfectUITests.xctest */ = {isa = PBXFileReference; explicitFileType = wrapper.cfbundle; includeInIndex = 0; path = "Pitch-PerfectUITests.xctest"; sourceTree = BUILT_PRODUCTS_DIR; };
		0B135E6D1BAB4329003EE786 /* Pitch_PerfectUITests.swift */ = {isa = PBXFileReference; lastKnownFileType = sourcecode.swift; path = Pitch_PerfectUITests.swift; sourceTree = "<group>"; };
		0B135E6F1BAB4329003EE786 /* Info.plist */ = {isa = PBXFileReference; lastKnownFileType = text.plist.xml; path = Info.plist; sourceTree = "<group>"; };
/* End PBXFileReference section */

/* Begin PBXFrameworksBuildPhase section */
		0B135E471BAB4328003EE786 /* Frameworks */ = {
			isa = PBXFrameworksBuildPhase;
			buildActionMask = 2147483647;
			files = (
			);
			runOnlyForDeploymentPostprocessing = 0;
		};
		0B135E5B1BAB4329003EE786 /* Frameworks */ = {
			isa = PBXFrameworksBuildPhase;
			buildActionMask = 2147483647;
			files = (
			);
			runOnlyForDeploymentPostprocessing = 0;
		};
		0B135E661BAB4329003EE786 /* Frameworks */ = {
			isa = PBXFrameworksBuildPhase;
			buildActionMask = 2147483647;
			files = (
			);
			runOnlyForDeploymentPostprocessing = 0;
		};
/* End PBXFrameworksBuildPhase section */

/* Begin PBXGroup section */
		0B135E411BAB4328003EE786 = {
			isa = PBXGroup;
			children = (
				0B135E4C1BAB4328003EE786 /* Pitch-Perfect */,
				0B135E611BAB4329003EE786 /* Pitch-PerfectTests */,
				0B135E6C1BAB4329003EE786 /* Pitch-PerfectUITests */,
				0B135E4B1BAB4328003EE786 /* Products */,
			);
			sourceTree = "<group>";
		};
		0B135E4B1BAB4328003EE786 /* Products */ = {
			isa = PBXGroup;
			children = (
				0B135E4A1BAB4328003EE786 /* Pitch-Perfect.app */,
				0B135E5E1BAB4329003EE786 /* Pitch-PerfectTests.xctest */,
				0B135E691BAB4329003EE786 /* Pitch-PerfectUITests.xctest */,
			);
			name = Products;
			sourceTree = "<group>";
		};
		0B135E4C1BAB4328003EE786 /* Pitch-Perfect */ = {
			isa = PBXGroup;
			children = (
				0B135E4D1BAB4328003EE786 /* AppDelegate.swift */,
				0B135E4F1BAB4328003EE786 /* ViewController.swift */,
				0B135E511BAB4328003EE786 /* Main.storyboard */,
				0B135E541BAB4328003EE786 /* Assets.xcassets */,
				0B135E561BAB4328003EE786 /* LaunchScreen.storyboard */,
				0B135E591BAB4328003EE786 /* Info.plist */,
			);
			path = "Pitch-Perfect";
			sourceTree = "<group>";
		};
		0B135E611BAB4329003EE786 /* Pitch-PerfectTests */ = {
			isa = PBXGroup;
			children = (
				0B135E621BAB4329003EE786 /* Pitch_PerfectTests.swift */,
				0B135E641BAB4329003EE786 /* Info.plist */,
			);
			path = "Pitch-PerfectTests";
			sourceTree = "<group>";
		};
		0B135E6C1BAB4329003EE786 /* Pitch-PerfectUITests */ = {
			isa = PBXGroup;
			children = (
				0B135E6D1BAB4329003EE786 /* Pitch_PerfectUITests.swift */,
				0B135E6F1BAB4329003EE786 /* Info.plist */,
			);
			path = "Pitch-PerfectUITests";
			sourceTree = "<group>";
		};
/* End PBXGroup section */

/* Begin PBXNativeTarget section */
		0B135E491BAB4328003EE786 /* Pitch-Perfect */ = {
			isa = PBXNativeTarget;
			buildConfigurationList = 0B135E721BAB4329003EE786 /* Build configuration list for PBXNativeTarget "Pitch-Perfect" */;
			buildPhases = (
				0B135E461BAB4328003EE786 /* Sources */,
				0B135E471BAB4328003EE786 /* Frameworks */,
				0B135E481BAB4328003EE786 /* Resources */,
			);
			buildRules = (
			);
			dependencies = (
			);
			name = "Pitch-Perfect";
			productName = "Pitch-Perfect";
			productReference = 0B135E4A1BAB4328003EE786 /* Pitch-Perfect.app */;
			productType = "com.apple.product-type.application";
		};
		0B135E5D1BAB4329003EE786 /* Pitch-PerfectTests */ = {
			isa = PBXNativeTarget;
			buildConfigurationList = 0B135E751BAB4329003EE786 /* Build configuration list for PBXNativeTarget "Pitch-PerfectTests" */;
			buildPhases = (
				0B135E5A1BAB4329003EE786 /* Sources */,
				0B135E5B1BAB4329003EE786 /* Frameworks */,
				0B135E5C1BAB4329003EE786 /* Resources */,
			);
			buildRules = (
			);
			dependencies = (
				0B135E601BAB4329003EE786 /* PBXTargetDependency */,
			);
			name = "Pitch-PerfectTests";
			productName = "Pitch-PerfectTests";
			productReference = 0B135E5E1BAB4329003EE786 /* Pitch-PerfectTests.xctest */;
			productType = "com.apple.product-type.bundle.unit-test";
		};
		0B135E681BAB4329003EE786 /* Pitch-PerfectUITests */ = {
			isa = PBXNativeTarget;
			buildConfigurationList = 0B135E781BAB4329003EE786 /* Build configuration list for PBXNativeTarget "Pitch-PerfectUITests" */;
			buildPhases = (
				0B135E651BAB4329003EE786 /* Sources */,
				0B135E661BAB4329003EE786 /* Frameworks */,
				0B135E671BAB4329003EE786 /* Resources */,
			);
			buildRules = (
			);
			dependencies = (
				0B135E6B1BAB4329003EE786 /* PBXTargetDependency */,
			);
			name = "Pitch-PerfectUITests";
			productName = "Pitch-PerfectUITests";
			productReference = 0B135E691BAB4329003EE786 /* Pitch-PerfectUITests.xctest */;
			productType = "com.apple.product-type.bundle.ui-testing";
		};
/* End PBXNativeTarget section */

/* Begin PBXProject section */
		0B135E421BAB4328003EE786 /* Project object */ = {
			isa = PBXProject;
			attributes = {
				LastUpgradeCheck = 0700;
				ORGANIZATIONNAME = "Viva Voce Consulting";
				TargetAttributes = {
					0B135E491BAB4328003EE786 = {
						CreatedOnToolsVersion = 7.0;
					};
					0B135E5D1BAB4329003EE786 = {
						CreatedOnToolsVersion = 7.0;
						TestTargetID = 0B135E491BAB4328003EE786;
					};
					0B135E681BAB4329003EE786 = {
						CreatedOnToolsVersion = 7.0;
						TestTargetID = 0B135E491BAB4328003EE786;
					};
				};
			};
			buildConfigurationList = 0B135E451BAB4328003EE786 /* Build configuration list for PBXProject "Pitch-Perfect" */;
			compatibilityVersion = "Xcode 3.2";
			developmentRegion = English;
			hasScannedForEncodings = 0;
			knownRegions = (
				en,
				Base,
			);
			mainGroup = 0B135E411BAB4328003EE786;
			productRefGroup = 0B135E4B1BAB4328003EE786 /* Products */;
			projectDirPath = "";
			projectRoot = "";
			targets = (
				0B135E491BAB4328003EE786 /* Pitch-Perfect */,
				0B135E5D1BAB4329003EE786 /* Pitch-PerfectTests */,
				0B135E681BAB4329003EE786 /* Pitch-PerfectUITests */,
			);
		};
/* End PBXProject section */

/* Begin PBXResourcesBuildPhase section */
		0B135E481BAB4328003EE786 /* Resources */ = {
			isa = PBXResourcesBuildPhase;
			buildActionMask = 2147483647;
			files = (
				0B135E581BAB4328003EE786 /* LaunchScreen.storyboard in Resources */,
				0B135E551BAB4328003EE786 /* Assets.xcassets in Resources */,
				0B135E531BAB4328003EE786 /* Main.storyboard in Resources */,
			);
			runOnlyForDeploymentPostprocessing = 0;
		};
		0B135E5C1BAB4329003EE786 /* Resources */ = {
			isa = PBXResourcesBuildPhase;
			buildActionMask = 2147483647;
			files = (
			);
			runOnlyForDeploymentPostprocessing = 0;
		};
		0B135E671BAB4329003EE786 /* Resources */ = {
			isa = PBXResourcesBuildPhase;
			buildActionMask = 2147483647;
			files = (
			);
			runOnlyForDeploymentPostprocessing = 0;
		};
/* End PBXResourcesBuildPhase section */

/* Begin PBXSourcesBuildPhase section */
		0B135E461BAB4328003EE786 /* Sources */ = {
			isa = PBXSourcesBuildPhase;
			buildActionMask = 2147483647;
			files = (
				0B135E501BAB4328003EE786 /* ViewController.swift in Sources */,
				0B135E4E1BAB4328003EE786 /* AppDelegate.swift in Sources */,
			);
			runOnlyForDeploymentPostprocessing = 0;
		};
		0B135E5A1BAB4329003EE786 /* Sources */ = {
			isa = PBXSourcesBuildPhase;
			buildActionMask = 2147483647;
			files = (
				0B135E631BAB4329003EE786 /* Pitch_PerfectTests.swift in Sources */,
			);
			runOnlyForDeploymentPostprocessing = 0;
		};
		0B135E651BAB4329003EE786 /* Sources */ = {
			isa = PBXSourcesBuildPhase;
			buildActionMask = 2147483647;
			files = (
				0B135E6E1BAB4329003EE786 /* Pitch_PerfectUITests.swift in Sources */,
			);
			runOnlyForDeploymentPostprocessing = 0;
		};
/* End PBXSourcesBuildPhase section */

/* Begin PBXTargetDependency section */
		0B135E601BAB4329003EE786 /* PBXTargetDependency */ = {
			isa = PBXTargetDependency;
			target = 0B135E491BAB4328003EE786 /* Pitch-Perfect */;
			targetProxy = 0B135E5F1BAB4329003EE786 /* PBXContainerItemProxy */;
		};
		0B135E6B1BAB4329003EE786 /* PBXTargetDependency */ = {
			isa = PBXTargetDependency;
			target = 0B135E491BAB4328003EE786 /* Pitch-Perfect */;
			targetProxy = 0B135E6A1BAB4329003EE786 /* PBXContainerItemProxy */;
		};
/* End PBXTargetDependency section */

/* Begin PBXVariantGroup section */
		0B135E511BAB4328003EE786 /* Main.storyboard */ = {
			isa = PBXVariantGroup;
			children = (
				0B135E521BAB4328003EE786 /* Base */,
			);
			name = Main.storyboard;
			sourceTree = "<group>";
		};
		0B135E561BAB4328003EE786 /* LaunchScreen.storyboard */ = {
			isa = PBXVariantGroup;
			children = (
				0B135E571BAB4328003EE786 /* Base */,
			);
			name = LaunchScreen.storyboard;
			sourceTree = "<group>";
		};
/* End PBXVariantGroup section */

/* Begin XCBuildConfiguration section */
		0B135E701BAB4329003EE786 /* Debug */ = {
			isa = XCBuildConfiguration;
			buildSettings = {
				ALWAYS_SEARCH_USER_PATHS = NO;
				CLANG_CXX_LANGUAGE_STANDARD = "gnu++0x";
				CLANG_CXX_LIBRARY = "libc++";
				CLANG_ENABLE_MODULES = YES;
				CLANG_ENABLE_OBJC_ARC = YES;
				CLANG_WARN_BOOL_CONVERSION = YES;
				CLANG_WARN_CONSTANT_CONVERSION = YES;
				CLANG_WARN_DIRECT_OBJC_ISA_USAGE = YES_ERROR;
				CLANG_WARN_EMPTY_BODY = YES;
				CLANG_WARN_ENUM_CONVERSION = YES;
				CLANG_WARN_INT_CONVERSION = YES;
				CLANG_WARN_OBJC_ROOT_CLASS = YES_ERROR;
				CLANG_WARN_UNREACHABLE_CODE = YES;
				CLANG_WARN__DUPLICATE_METHOD_MATCH = YES;
				"CODE_SIGN_IDENTITY[sdk=iphoneos*]" = "iPhone Developer";
				COPY_PHASE_STRIP = NO;
				DEBUG_INFORMATION_FORMAT = dwarf;
				ENABLE_STRICT_OBJC_MSGSEND = YES;
				ENABLE_TESTABILITY = YES;
				GCC_C_LANGUAGE_STANDARD = gnu99;
				GCC_DYNAMIC_NO_PIC = NO;
				GCC_NO_COMMON_BLOCKS = YES;
				GCC_OPTIMIZATION_LEVEL = 0;
				GCC_PREPROCESSOR_DEFINITIONS = (
					"DEBUG=1",
					"$(inherited)",
				);
				GCC_WARN_64_TO_32_BIT_CONVERSION = YES;
				GCC_WARN_ABOUT_RETURN_TYPE = YES_ERROR;
				GCC_WARN_UNDECLARED_SELECTOR = YES;
				GCC_WARN_UNINITIALIZED_AUTOS = YES_AGGRESSIVE;
				GCC_WARN_UNUSED_FUNCTION = YES;
				GCC_WARN_UNUSED_VARIABLE = YES;
				IPHONEOS_DEPLOYMENT_TARGET = 9.0;
				MTL_ENABLE_DEBUG_INFO = YES;
				ONLY_ACTIVE_ARCH = YES;
				SDKROOT = iphoneos;
				SWIFT_OPTIMIZATION_LEVEL = "-Onone";
			};
			name = Debug;
		};
		0B135E711BAB4329003EE786 /* Release */ = {
			isa = XCBuildConfiguration;
			buildSettings = {
				ALWAYS_SEARCH_USER_PATHS = NO;
				CLANG_CXX_LANGUAGE_STANDARD = "gnu++0x";
				CLANG_CXX_LIBRARY = "libc++";
				CLANG_ENABLE_MODULES = YES;
				CLANG_ENABLE_OBJC_ARC = YES;
				CLANG_WARN_BOOL_CONVERSION = YES;
				CLANG_WARN_CONSTANT_CONVERSION = YES;
				CLANG_WARN_DIRECT_OBJC_ISA_USAGE = YES_ERROR;
				CLANG_WARN_EMPTY_BODY = YES;
				CLANG_WARN_ENUM_CONVERSION = YES;
				CLANG_WARN_INT_CONVERSION = YES;
				CLANG_WARN_OBJC_ROOT_CLASS = YES_ERROR;
				CLANG_WARN_UNREACHABLE_CODE = YES;
				CLANG_WARN__DUPLICATE_METHOD_MATCH = YES;
				"CODE_SIGN_IDENTITY[sdk=iphoneos*]" = "iPhone Developer";
				COPY_PHASE_STRIP = NO;
				DEBUG_INFORMATION_FORMAT = "dwarf-with-dsym";
				ENABLE_NS_ASSERTIONS = NO;
				ENABLE_STRICT_OBJC_MSGSEND = YES;
				GCC_C_LANGUAGE_STANDARD = gnu99;
				GCC_NO_COMMON_BLOCKS = YES;
				GCC_WARN_64_TO_32_BIT_CONVERSION = YES;
				GCC_WARN_ABOUT_RETURN_TYPE = YES_ERROR;
				GCC_WARN_UNDECLARED_SELECTOR = YES;
				GCC_WARN_UNINITIALIZED_AUTOS = YES_AGGRESSIVE;
				GCC_WARN_UNUSED_FUNCTION = YES;
				GCC_WARN_UNUSED_VARIABLE = YES;
				IPHONEOS_DEPLOYMENT_TARGET = 9.0;
				MTL_ENABLE_DEBUG_INFO = NO;
				SDKROOT = iphoneos;
				VALIDATE_PRODUCT = YES;
			};
			name = Release;
		};
		0B135E731BAB4329003EE786 /* Debug */ = {
			isa = XCBuildConfiguration;
			buildSettings = {
				ASSETCATALOG_COMPILER_APPICON_NAME = AppIcon;
				INFOPLIST_FILE = "Pitch-Perfect/Info.plist";
				LD_RUNPATH_SEARCH_PATHS = "$(inherited) @executable_path/Frameworks";
				PRODUCT_BUNDLE_IDENTIFIER = "pe.vivavoce.Pitch-Perfect";
				PRODUCT_NAME = "$(TARGET_NAME)";
			};
			name = Debug;
		};
		0B135E741BAB4329003EE786 /* Release */ = {
			isa = XCBuildConfiguration;
			buildSettings = {
				ASSETCATALOG_COMPILER_APPICON_NAME = AppIcon;
				INFOPLIST_FILE = "Pitch-Perfect/Info.plist";
				LD_RUNPATH_SEARCH_PATHS = "$(inherited) @executable_path/Frameworks";
				PRODUCT_BUNDLE_IDENTIFIER = "pe.vivavoce.Pitch-Perfect";
				PRODUCT_NAME = "$(TARGET_NAME)";
			};
			name = Release;
		};
		0B135E761BAB4329003EE786 /* Debug */ = {
			isa = XCBuildConfiguration;
			buildSettings = {
				BUNDLE_LOADER = "$(TEST_HOST)";
				INFOPLIST_FILE = "Pitch-PerfectTests/Info.plist";
				LD_RUNPATH_SEARCH_PATHS = "$(inherited) @executable_path/Frameworks @loader_path/Frameworks";
				PRODUCT_BUNDLE_IDENTIFIER = "pe.vivavoce.Pitch-PerfectTests";
				PRODUCT_NAME = "$(TARGET_NAME)";
				TEST_HOST = "$(BUILT_PRODUCTS_DIR)/Pitch-Perfect.app/Pitch-Perfect";
			};
			name = Debug;
		};
		0B135E771BAB4329003EE786 /* Release */ = {
			isa = XCBuildConfiguration;
			buildSettings = {
				BUNDLE_LOADER = "$(TEST_HOST)";
				INFOPLIST_FILE = "Pitch-PerfectTests/Info.plist";
				LD_RUNPATH_SEARCH_PATHS = "$(inherited) @executable_path/Frameworks @loader_path/Frameworks";
				PRODUCT_BUNDLE_IDENTIFIER = "pe.vivavoce.Pitch-PerfectTests";
				PRODUCT_NAME = "$(TARGET_NAME)";
				TEST_HOST = "$(BUILT_PRODUCTS_DIR)/Pitch-Perfect.app/Pitch-Perfect";
			};
			name = Release;
		};
		0B135E791BAB4329003EE786 /* Debug */ = {
			isa = XCBuildConfiguration;
			buildSettings = {
				INFOPLIST_FILE = "Pitch-PerfectUITests/Info.plist";
				LD_RUNPATH_SEARCH_PATHS = "$(inherited) @executable_path/Frameworks @loader_path/Frameworks";
				PRODUCT_BUNDLE_IDENTIFIER = "pe.vivavoce.Pitch-PerfectUITests";
				PRODUCT_NAME = "$(TARGET_NAME)";
				TEST_TARGET_NAME = "Pitch-Perfect";
				USES_XCTRUNNER = YES;
			};
			name = Debug;
		};
		0B135E7A1BAB4329003EE786 /* Release */ = {
			isa = XCBuildConfiguration;
			buildSettings = {
				INFOPLIST_FILE = "Pitch-PerfectUITests/Info.plist";
				LD_RUNPATH_SEARCH_PATHS = "$(inherited) @executable_path/Frameworks @loader_path/Frameworks";
				PRODUCT_BUNDLE_IDENTIFIER = "pe.vivavoce.Pitch-PerfectUITests";
				PRODUCT_NAME = "$(TARGET_NAME)";
				TEST_TARGET_NAME = "Pitch-Perfect";
				USES_XCTRUNNER = YES;
			};
			name = Release;
		};
/* End XCBuildConfiguration section */

/* Begin XCConfigurationList section */
		0B135E451BAB4328003EE786 /* Build configuration list for PBXProject "Pitch-Perfect" */ = {
			isa = XCConfigurationList;
			buildConfigurations = (
				0B135E701BAB4329003EE786 /* Debug */,
				0B135E711BAB4329003EE786 /* Release */,
			);
			defaultConfigurationIsVisible = 0;
			defaultConfigurationName = Release;
		};
		0B135E721BAB4329003EE786 /* Build configuration list for PBXNativeTarget "Pitch-Perfect" */ = {
			isa = XCConfigurationList;
			buildConfigurations = (
				0B135E731BAB4329003EE786 /* Debug */,
				0B135E741BAB4329003EE786 /* Release */,
			);
			defaultConfigurationIsVisible = 0;
		};
		0B135E751BAB4329003EE786 /* Build configuration list for PBXNativeTarget "Pitch-PerfectTests" */ = {
			isa = XCConfigurationList;
			buildConfigurations = (
				0B135E761BAB4329003EE786 /* Debug */,
				0B135E771BAB4329003EE786 /* Release */,
			);
			defaultConfigurationIsVisible = 0;
		};
		0B135E781BAB4329003EE786 /* Build configuration list for PBXNativeTarget "Pitch-PerfectUITests" */ = {
			isa = XCConfigurationList;
			buildConfigurations = (
				0B135E791BAB4329003EE786 /* Debug */,
				0B135E7A1BAB4329003EE786 /* Release */,
			);
			defaultConfigurationIsVisible = 0;
		};
/* End XCConfigurationList section */
	};
	rootObject = 0B135E421BAB4328003EE786 /* Project object */;
}
